// !$*UTF8*$!
{
	archiveVersion = 1;
	classes = {
	};
	objectVersion = 48;
	objects = {

/* Begin PBXBuildFile section */
		4F1A6DC71F8F197B00A0BCE9 /* AppDelegate.swift in Sources */ = {isa = PBXBuildFile; fileRef = 4F1A6DC61F8F197B00A0BCE9 /* AppDelegate.swift */; };
		4F1A6DC91F8F197B00A0BCE9 /* ViewController.swift in Sources */ = {isa = PBXBuildFile; fileRef = 4F1A6DC81F8F197B00A0BCE9 /* ViewController.swift */; };
		4F1A6DCC1F8F197B00A0BCE9 /* Main.storyboard in Resources */ = {isa = PBXBuildFile; fileRef = 4F1A6DCA1F8F197B00A0BCE9 /* Main.storyboard */; };
		4F1A6DCE1F8F197B00A0BCE9 /* Assets.xcassets in Resources */ = {isa = PBXBuildFile; fileRef = 4F1A6DCD1F8F197B00A0BCE9 /* Assets.xcassets */; };
		4F1A6DD11F8F197B00A0BCE9 /* LaunchScreen.storyboard in Resources */ = {isa = PBXBuildFile; fileRef = 4F1A6DCF1F8F197B00A0BCE9 /* LaunchScreen.storyboard */; };
		4F1A6DDC1F8F197B00A0BCE9 /* wulewaTests.swift in Sources */ = {isa = PBXBuildFile; fileRef = 4F1A6DDB1F8F197B00A0BCE9 /* wulewaTests.swift */; };
		4F1A6DE71F8F197B00A0BCE9 /* wulewaUITests.swift in Sources */ = {isa = PBXBuildFile; fileRef = 4F1A6DE61F8F197B00A0BCE9 /* wulewaUITests.swift */; };
		4F1A6DF51F8F1A1E00A0BCE9 /* RootViewController.swift in Sources */ = {isa = PBXBuildFile; fileRef = 4F1A6DF41F8F1A1E00A0BCE9 /* RootViewController.swift */; };
		4F1A6DF71F8F1A4800A0BCE9 /* NavigationController.swift in Sources */ = {isa = PBXBuildFile; fileRef = 4F1A6DF61F8F1A4800A0BCE9 /* NavigationController.swift */; };
		4F2085BA1F96E663003CAFE8 /* SQCollectionViewHeader.swift in Sources */ = {isa = PBXBuildFile; fileRef = 4F2085B91F96E663003CAFE8 /* SQCollectionViewHeader.swift */; };
		4F2085BC1F96E67C003CAFE8 /* SQCollectionViewFooter.swift in Sources */ = {isa = PBXBuildFile; fileRef = 4F2085BB1F96E67C003CAFE8 /* SQCollectionViewFooter.swift */; };
		4F2085BE1F96F657003CAFE8 /* SQCollectionViewCell.swift in Sources */ = {isa = PBXBuildFile; fileRef = 4F2085BD1F96F657003CAFE8 /* SQCollectionViewCell.swift */; };
		4F3C5B6F1FA08F2F00551FC6 /* SQViewBase.swift in Sources */ = {isa = PBXBuildFile; fileRef = 4F3C5B6E1FA08F2F00551FC6 /* SQViewBase.swift */; };
		4F3C5B711FA08F4100551FC6 /* SQViewModelBase.swift in Sources */ = {isa = PBXBuildFile; fileRef = 4F3C5B701FA08F4100551FC6 /* SQViewModelBase.swift */; };
		4F3C5B731FA08F5A00551FC6 /* SQViewConfigBase.swift in Sources */ = {isa = PBXBuildFile; fileRef = 4F3C5B721FA08F5A00551FC6 /* SQViewConfigBase.swift */; };
		4F3C5B751FA0B3E100551FC6 /* SQGroupViewModel.swift in Sources */ = {isa = PBXBuildFile; fileRef = 4F3C5B741FA0B3E100551FC6 /* SQGroupViewModel.swift */; };
		4F3C5B771FA0B48D00551FC6 /* SQGroupViewConfig.swift in Sources */ = {isa = PBXBuildFile; fileRef = 4F3C5B761FA0B48D00551FC6 /* SQGroupViewConfig.swift */; };
		4F3C5B791FA0BAE300551FC6 /* SQViewManager.swift in Sources */ = {isa = PBXBuildFile; fileRef = 4F3C5B781FA0BAE300551FC6 /* SQViewManager.swift */; };
		4F781D261FA1886F0040D585 /* SQLinearLayoutViewModel.swift in Sources */ = {isa = PBXBuildFile; fileRef = 4F781D251FA1886F0040D585 /* SQLinearLayoutViewModel.swift */; };
		4F781D281FA188AC0040D585 /* SQGroupView.swift in Sources */ = {isa = PBXBuildFile; fileRef = 4F781D271FA188AC0040D585 /* SQGroupView.swift */; };
		4F781D2A1FA188D40040D585 /* SQLinearLayoutView.swift in Sources */ = {isa = PBXBuildFile; fileRef = 4F781D291FA188D40040D585 /* SQLinearLayoutView.swift */; };
		4F781D2C1FA189130040D585 /* SQLinearLayoutViewConfig.swift in Sources */ = {isa = PBXBuildFile; fileRef = 4F781D2B1FA189130040D585 /* SQLinearLayoutViewConfig.swift */; };
		4F82BF111F8F5DC900C23B37 /* SQCollectionViewWaterfallLayout.swift in Sources */ = {isa = PBXBuildFile; fileRef = 4F82BF101F8F5DC900C23B37 /* SQCollectionViewWaterfallLayout.swift */; };
		4F9BB0A11FA74C710038093B /* SQDemoViewController.swift in Sources */ = {isa = PBXBuildFile; fileRef = 4F9BB0A01FA74C710038093B /* SQDemoViewController.swift */; };
		4F9BB0A61FA754E60038093B /* SQLayoutViewController的副本.swift in Sources */ = {isa = PBXBuildFile; fileRef = 4F9BB0A51FA754E60038093B /* SQLayoutViewController的副本.swift */; };
		4FA864721FA98702002D194B /* linear_layout_horizontal.json in Resources */ = {isa = PBXBuildFile; fileRef = 4FA8646F1FA97A83002D194B /* linear_layout_horizontal.json */; };
		4FA864731FA98702002D194B /* linear_layout_horizontal1.json in Resources */ = {isa = PBXBuildFile; fileRef = 4FA864701FA97A83002D194B /* linear_layout_horizontal1.json */; };
		4FA864751FA99491002D194B /* linear_layout_mix.json in Resources */ = {isa = PBXBuildFile; fileRef = 4FA864741FA99488002D194B /* linear_layout_mix.json */; };
		4FA864771FA9D228002D194B /* linear_layout_weight_split.json in Resources */ = {isa = PBXBuildFile; fileRef = 4FA864761FA9D221002D194B /* linear_layout_weight_split.json */; };
		4FA864791FA9DE56002D194B /* linear_layout_weight_split_vertical.json in Resources */ = {isa = PBXBuildFile; fileRef = 4FA864781FA9DE4F002D194B /* linear_layout_weight_split_vertical.json */; };
		4FA8647B1FA9E451002D194B /* linear_layout_align_right_top.json in Resources */ = {isa = PBXBuildFile; fileRef = 4FA8647A1FA9E449002D194B /* linear_layout_align_right_top.json */; };
		4FA8647F1FA9E927002D194B /* linear_layout_align_center_bottom.json in Resources */ = {isa = PBXBuildFile; fileRef = 4FA8647C1FA9E922002D194B /* linear_layout_align_center_bottom.json */; };
		4FA864801FA9E927002D194B /* linear_layout_align_center_center.json in Resources */ = {isa = PBXBuildFile; fileRef = 4FA8647E1FA9E922002D194B /* linear_layout_align_center_center.json */; };
		4FA864811FA9E927002D194B /* linear_layout_align_right_bottom.json in Resources */ = {isa = PBXBuildFile; fileRef = 4FA8647D1FA9E922002D194B /* linear_layout_align_right_bottom.json */; };
		4FA864831FA9EA76002D194B /* linear_layout_align_right_bottom_override.json in Resources */ = {isa = PBXBuildFile; fileRef = 4FA864821FA9EA6E002D194B /* linear_layout_align_right_bottom_override.json */; };
		4FA864851FA9EB2E002D194B /* linear_layout_align_right_bottom_override_vertical.json in Resources */ = {isa = PBXBuildFile; fileRef = 4FA864841FA9EB26002D194B /* linear_layout_align_right_bottom_override_vertical.json */; };
		4FA864871FA9EE54002D194B /* SQFrameLayoutViewModel.swift in Sources */ = {isa = PBXBuildFile; fileRef = 4FA864861FA9EE54002D194B /* SQFrameLayoutViewModel.swift */; };
		4FA864891FA9EEBB002D194B /* SQFrameLayoutViewConfig.swift in Sources */ = {isa = PBXBuildFile; fileRef = 4FA864881FA9EEBB002D194B /* SQFrameLayoutViewConfig.swift */; };
		4FA8648B1FA9EEDC002D194B /* SQFrameLayoutView.swift in Sources */ = {isa = PBXBuildFile; fileRef = 4FA8648A1FA9EEDC002D194B /* SQFrameLayoutView.swift */; };
		4FB0C0EF1FAAB2D000053C48 /* frame_layout.json in Resources */ = {isa = PBXBuildFile; fileRef = 4FB0C0EE1FAAB2C100053C48 /* frame_layout.json */; };
		4FC8E2781FA6C59100C96E18 /* SQLayoutViewController.swift in Sources */ = {isa = PBXBuildFile; fileRef = 4FC8E2771FA6C59100C96E18 /* SQLayoutViewController.swift */; };
		4FC8E27B1FA6D01B00C96E18 /* SQUtils.swift in Sources */ = {isa = PBXBuildFile; fileRef = 4FC8E27A1FA6D01B00C96E18 /* SQUtils.swift */; };
		B007594AFB154D96F5ED8EAF /* Pods_wulewaTests.framework in Frameworks */ = {isa = PBXBuildFile; fileRef = B770222F49C24A0CF80F381E /* Pods_wulewaTests.framework */; };
		C241D70532A32A7666713337 /* Pods_wulewa.framework in Frameworks */ = {isa = PBXBuildFile; fileRef = B10E8CCD891D3ADB08FD5460 /* Pods_wulewa.framework */; };
		D296D47C26F8877D5213B548 /* Pods_wulewaUITests.framework in Frameworks */ = {isa = PBXBuildFile; fileRef = 5EF94BADF67E20B71B39D3BE /* Pods_wulewaUITests.framework */; };
/* End PBXBuildFile section */

/* Begin PBXContainerItemProxy section */
		4F1A6DD81F8F197B00A0BCE9 /* PBXContainerItemProxy */ = {
			isa = PBXContainerItemProxy;
			containerPortal = 4F1A6DBB1F8F197A00A0BCE9 /* Project object */;
			proxyType = 1;
			remoteGlobalIDString = 4F1A6DC21F8F197A00A0BCE9;
			remoteInfo = wulewa;
		};
		4F1A6DE31F8F197B00A0BCE9 /* PBXContainerItemProxy */ = {
			isa = PBXContainerItemProxy;
			containerPortal = 4F1A6DBB1F8F197A00A0BCE9 /* Project object */;
			proxyType = 1;
			remoteGlobalIDString = 4F1A6DC21F8F197A00A0BCE9;
			remoteInfo = wulewa;
		};
/* End PBXContainerItemProxy section */

/* Begin PBXFileReference section */
		0BF7F75FDC86C26B392EA081 /* Pods-wulewaUITests.debug.xcconfig */ = {isa = PBXFileReference; includeInIndex = 1; lastKnownFileType = text.xcconfig; name = "Pods-wulewaUITests.debug.xcconfig"; path = "Pods/Target Support Files/Pods-wulewaUITests/Pods-wulewaUITests.debug.xcconfig"; sourceTree = "<group>"; };
		3AD091C454DE5429768F44EC /* Pods-wulewaTests.release.xcconfig */ = {isa = PBXFileReference; includeInIndex = 1; lastKnownFileType = text.xcconfig; name = "Pods-wulewaTests.release.xcconfig"; path = "Pods/Target Support Files/Pods-wulewaTests/Pods-wulewaTests.release.xcconfig"; sourceTree = "<group>"; };
		4F1A6DC31F8F197A00A0BCE9 /* wulewa.app */ = {isa = PBXFileReference; explicitFileType = wrapper.application; includeInIndex = 0; path = wulewa.app; sourceTree = BUILT_PRODUCTS_DIR; };
		4F1A6DC61F8F197B00A0BCE9 /* AppDelegate.swift */ = {isa = PBXFileReference; lastKnownFileType = sourcecode.swift; path = AppDelegate.swift; sourceTree = "<group>"; };
		4F1A6DC81F8F197B00A0BCE9 /* ViewController.swift */ = {isa = PBXFileReference; lastKnownFileType = sourcecode.swift; path = ViewController.swift; sourceTree = "<group>"; };
		4F1A6DCB1F8F197B00A0BCE9 /* Base */ = {isa = PBXFileReference; lastKnownFileType = file.storyboard; name = Base; path = Base.lproj/Main.storyboard; sourceTree = "<group>"; };
		4F1A6DCD1F8F197B00A0BCE9 /* Assets.xcassets */ = {isa = PBXFileReference; lastKnownFileType = folder.assetcatalog; path = Assets.xcassets; sourceTree = "<group>"; };
		4F1A6DD01F8F197B00A0BCE9 /* Base */ = {isa = PBXFileReference; lastKnownFileType = file.storyboard; name = Base; path = Base.lproj/LaunchScreen.storyboard; sourceTree = "<group>"; };
		4F1A6DD21F8F197B00A0BCE9 /* Info.plist */ = {isa = PBXFileReference; lastKnownFileType = text.plist.xml; path = Info.plist; sourceTree = "<group>"; };
		4F1A6DD71F8F197B00A0BCE9 /* wulewaTests.xctest */ = {isa = PBXFileReference; explicitFileType = wrapper.cfbundle; includeInIndex = 0; path = wulewaTests.xctest; sourceTree = BUILT_PRODUCTS_DIR; };
		4F1A6DDB1F8F197B00A0BCE9 /* wulewaTests.swift */ = {isa = PBXFileReference; lastKnownFileType = sourcecode.swift; path = wulewaTests.swift; sourceTree = "<group>"; };
		4F1A6DDD1F8F197B00A0BCE9 /* Info.plist */ = {isa = PBXFileReference; lastKnownFileType = text.plist.xml; path = Info.plist; sourceTree = "<group>"; };
		4F1A6DE21F8F197B00A0BCE9 /* wulewaUITests.xctest */ = {isa = PBXFileReference; explicitFileType = wrapper.cfbundle; includeInIndex = 0; path = wulewaUITests.xctest; sourceTree = BUILT_PRODUCTS_DIR; };
		4F1A6DE61F8F197B00A0BCE9 /* wulewaUITests.swift */ = {isa = PBXFileReference; lastKnownFileType = sourcecode.swift; path = wulewaUITests.swift; sourceTree = "<group>"; };
		4F1A6DE81F8F197B00A0BCE9 /* Info.plist */ = {isa = PBXFileReference; lastKnownFileType = text.plist.xml; path = Info.plist; sourceTree = "<group>"; };
		4F1A6DF41F8F1A1E00A0BCE9 /* RootViewController.swift */ = {isa = PBXFileReference; lastKnownFileType = sourcecode.swift; path = RootViewController.swift; sourceTree = "<group>"; };
		4F1A6DF61F8F1A4800A0BCE9 /* NavigationController.swift */ = {isa = PBXFileReference; lastKnownFileType = sourcecode.swift; path = NavigationController.swift; sourceTree = "<group>"; };
		4F2085B91F96E663003CAFE8 /* SQCollectionViewHeader.swift */ = {isa = PBXFileReference; lastKnownFileType = sourcecode.swift; path = SQCollectionViewHeader.swift; sourceTree = "<group>"; };
		4F2085BB1F96E67C003CAFE8 /* SQCollectionViewFooter.swift */ = {isa = PBXFileReference; lastKnownFileType = sourcecode.swift; path = SQCollectionViewFooter.swift; sourceTree = "<group>"; };
		4F2085BD1F96F657003CAFE8 /* SQCollectionViewCell.swift */ = {isa = PBXFileReference; lastKnownFileType = sourcecode.swift; path = SQCollectionViewCell.swift; sourceTree = "<group>"; };
		4F3C5B6E1FA08F2F00551FC6 /* SQViewBase.swift */ = {isa = PBXFileReference; lastKnownFileType = sourcecode.swift; path = SQViewBase.swift; sourceTree = "<group>"; };
		4F3C5B701FA08F4100551FC6 /* SQViewModelBase.swift */ = {isa = PBXFileReference; lastKnownFileType = sourcecode.swift; path = SQViewModelBase.swift; sourceTree = "<group>"; };
		4F3C5B721FA08F5A00551FC6 /* SQViewConfigBase.swift */ = {isa = PBXFileReference; lastKnownFileType = sourcecode.swift; path = SQViewConfigBase.swift; sourceTree = "<group>"; };
		4F3C5B741FA0B3E100551FC6 /* SQGroupViewModel.swift */ = {isa = PBXFileReference; lastKnownFileType = sourcecode.swift; path = SQGroupViewModel.swift; sourceTree = "<group>"; };
		4F3C5B761FA0B48D00551FC6 /* SQGroupViewConfig.swift */ = {isa = PBXFileReference; lastKnownFileType = sourcecode.swift; path = SQGroupViewConfig.swift; sourceTree = "<group>"; };
		4F3C5B781FA0BAE300551FC6 /* SQViewManager.swift */ = {isa = PBXFileReference; lastKnownFileType = sourcecode.swift; path = SQViewManager.swift; sourceTree = "<group>"; };
		4F781D251FA1886F0040D585 /* SQLinearLayoutViewModel.swift */ = {isa = PBXFileReference; lastKnownFileType = sourcecode.swift; path = SQLinearLayoutViewModel.swift; sourceTree = "<group>"; };
		4F781D271FA188AC0040D585 /* SQGroupView.swift */ = {isa = PBXFileReference; lastKnownFileType = sourcecode.swift; path = SQGroupView.swift; sourceTree = "<group>"; };
		4F781D291FA188D40040D585 /* SQLinearLayoutView.swift */ = {isa = PBXFileReference; lastKnownFileType = sourcecode.swift; path = SQLinearLayoutView.swift; sourceTree = "<group>"; };
		4F781D2B1FA189130040D585 /* SQLinearLayoutViewConfig.swift */ = {isa = PBXFileReference; lastKnownFileType = sourcecode.swift; path = SQLinearLayoutViewConfig.swift; sourceTree = "<group>"; };
		4F82BF101F8F5DC900C23B37 /* SQCollectionViewWaterfallLayout.swift */ = {isa = PBXFileReference; lastKnownFileType = sourcecode.swift; path = SQCollectionViewWaterfallLayout.swift; sourceTree = "<group>"; };
		4F9BB0A01FA74C710038093B /* SQDemoViewController.swift */ = {isa = PBXFileReference; lastKnownFileType = sourcecode.swift; path = SQDemoViewController.swift; sourceTree = "<group>"; };
		4F9BB0A51FA754E60038093B /* SQLayoutViewController的副本.swift */ = {isa = PBXFileReference; lastKnownFileType = sourcecode.swift; path = "SQLayoutViewController的副本.swift"; sourceTree = "<group>"; };
		4FA8646F1FA97A83002D194B /* linear_layout_horizontal.json */ = {isa = PBXFileReference; lastKnownFileType = text.json; path = linear_layout_horizontal.json; sourceTree = "<group>"; };
		4FA864701FA97A83002D194B /* linear_layout_horizontal1.json */ = {isa = PBXFileReference; lastKnownFileType = text.json; path = linear_layout_horizontal1.json; sourceTree = "<group>"; };
		4FA864741FA99488002D194B /* linear_layout_mix.json */ = {isa = PBXFileReference; lastKnownFileType = text.json; path = linear_layout_mix.json; sourceTree = "<group>"; };
		4FA864761FA9D221002D194B /* linear_layout_weight_split.json */ = {isa = PBXFileReference; lastKnownFileType = text.json; path = linear_layout_weight_split.json; sourceTree = "<group>"; };
		4FA864781FA9DE4F002D194B /* linear_layout_weight_split_vertical.json */ = {isa = PBXFileReference; lastKnownFileType = text.json; path = linear_layout_weight_split_vertical.json; sourceTree = "<group>"; };
		4FA8647A1FA9E449002D194B /* linear_layout_align_right_top.json */ = {isa = PBXFileReference; lastKnownFileType = text.json; path = linear_layout_align_right_top.json; sourceTree = "<group>"; };
		4FA8647C1FA9E922002D194B /* linear_layout_align_center_bottom.json */ = {isa = PBXFileReference; lastKnownFileType = text.json; path = linear_layout_align_center_bottom.json; sourceTree = "<group>"; };
		4FA8647D1FA9E922002D194B /* linear_layout_align_right_bottom.json */ = {isa = PBXFileReference; lastKnownFileType = text.json; path = linear_layout_align_right_bottom.json; sourceTree = "<group>"; };
		4FA8647E1FA9E922002D194B /* linear_layout_align_center_center.json */ = {isa = PBXFileReference; lastKnownFileType = text.json; path = linear_layout_align_center_center.json; sourceTree = "<group>"; };
		4FA864821FA9EA6E002D194B /* linear_layout_align_right_bottom_override.json */ = {isa = PBXFileReference; lastKnownFileType = text.json; path = linear_layout_align_right_bottom_override.json; sourceTree = "<group>"; };
		4FA864841FA9EB26002D194B /* linear_layout_align_right_bottom_override_vertical.json */ = {isa = PBXFileReference; lastKnownFileType = text.json; path = linear_layout_align_right_bottom_override_vertical.json; sourceTree = "<group>"; };
		4FA864861FA9EE54002D194B /* SQFrameLayoutViewModel.swift */ = {isa = PBXFileReference; lastKnownFileType = sourcecode.swift; path = SQFrameLayoutViewModel.swift; sourceTree = "<group>"; };
		4FA864881FA9EEBB002D194B /* SQFrameLayoutViewConfig.swift */ = {isa = PBXFileReference; lastKnownFileType = sourcecode.swift; path = SQFrameLayoutViewConfig.swift; sourceTree = "<group>"; };
		4FA8648A1FA9EEDC002D194B /* SQFrameLayoutView.swift */ = {isa = PBXFileReference; lastKnownFileType = sourcecode.swift; path = SQFrameLayoutView.swift; sourceTree = "<group>"; };
		4FB0C0EE1FAAB2C100053C48 /* frame_layout.json */ = {isa = PBXFileReference; lastKnownFileType = text.json; path = frame_layout.json; sourceTree = "<group>"; };
		4FC8E2771FA6C59100C96E18 /* SQLayoutViewController.swift */ = {isa = PBXFileReference; lastKnownFileType = sourcecode.swift; path = SQLayoutViewController.swift; sourceTree = "<group>"; };
		4FC8E27A1FA6D01B00C96E18 /* SQUtils.swift */ = {isa = PBXFileReference; lastKnownFileType = sourcecode.swift; path = SQUtils.swift; sourceTree = "<group>"; };
		51707D62358A2D5D858E3F54 /* Pods-wulewaUITests.release.xcconfig */ = {isa = PBXFileReference; includeInIndex = 1; lastKnownFileType = text.xcconfig; name = "Pods-wulewaUITests.release.xcconfig"; path = "Pods/Target Support Files/Pods-wulewaUITests/Pods-wulewaUITests.release.xcconfig"; sourceTree = "<group>"; };
		5EF94BADF67E20B71B39D3BE /* Pods_wulewaUITests.framework */ = {isa = PBXFileReference; explicitFileType = wrapper.framework; includeInIndex = 0; path = Pods_wulewaUITests.framework; sourceTree = BUILT_PRODUCTS_DIR; };
		9BE0ACDA611A1B86FDC5A7C3 /* Pods-wulewa.release.xcconfig */ = {isa = PBXFileReference; includeInIndex = 1; lastKnownFileType = text.xcconfig; name = "Pods-wulewa.release.xcconfig"; path = "Pods/Target Support Files/Pods-wulewa/Pods-wulewa.release.xcconfig"; sourceTree = "<group>"; };
		A2907E2BF56C4128C2D87E8B /* Pods-wulewa.debug.xcconfig */ = {isa = PBXFileReference; includeInIndex = 1; lastKnownFileType = text.xcconfig; name = "Pods-wulewa.debug.xcconfig"; path = "Pods/Target Support Files/Pods-wulewa/Pods-wulewa.debug.xcconfig"; sourceTree = "<group>"; };
		B10E8CCD891D3ADB08FD5460 /* Pods_wulewa.framework */ = {isa = PBXFileReference; explicitFileType = wrapper.framework; includeInIndex = 0; path = Pods_wulewa.framework; sourceTree = BUILT_PRODUCTS_DIR; };
		B770222F49C24A0CF80F381E /* Pods_wulewaTests.framework */ = {isa = PBXFileReference; explicitFileType = wrapper.framework; includeInIndex = 0; path = Pods_wulewaTests.framework; sourceTree = BUILT_PRODUCTS_DIR; };
		ECBA4C8ECB810C72F1674B8E /* Pods-wulewaTests.debug.xcconfig */ = {isa = PBXFileReference; includeInIndex = 1; lastKnownFileType = text.xcconfig; name = "Pods-wulewaTests.debug.xcconfig"; path = "Pods/Target Support Files/Pods-wulewaTests/Pods-wulewaTests.debug.xcconfig"; sourceTree = "<group>"; };
/* End PBXFileReference section */

/* Begin PBXFrameworksBuildPhase section */
		4F1A6DC01F8F197A00A0BCE9 /* Frameworks */ = {
			isa = PBXFrameworksBuildPhase;
			buildActionMask = 2147483647;
			files = (
				C241D70532A32A7666713337 /* Pods_wulewa.framework in Frameworks */,
			);
			runOnlyForDeploymentPostprocessing = 0;
		};
		4F1A6DD41F8F197B00A0BCE9 /* Frameworks */ = {
			isa = PBXFrameworksBuildPhase;
			buildActionMask = 2147483647;
			files = (
				B007594AFB154D96F5ED8EAF /* Pods_wulewaTests.framework in Frameworks */,
			);
			runOnlyForDeploymentPostprocessing = 0;
		};
		4F1A6DDF1F8F197B00A0BCE9 /* Frameworks */ = {
			isa = PBXFrameworksBuildPhase;
			buildActionMask = 2147483647;
			files = (
				D296D47C26F8877D5213B548 /* Pods_wulewaUITests.framework in Frameworks */,
			);
			runOnlyForDeploymentPostprocessing = 0;
		};
/* End PBXFrameworksBuildPhase section */

/* Begin PBXGroup section */
		12D0380FDFCAE8F263965AB6 /* Pods */ = {
			isa = PBXGroup;
			children = (
				A2907E2BF56C4128C2D87E8B /* Pods-wulewa.debug.xcconfig */,
				9BE0ACDA611A1B86FDC5A7C3 /* Pods-wulewa.release.xcconfig */,
				ECBA4C8ECB810C72F1674B8E /* Pods-wulewaTests.debug.xcconfig */,
				3AD091C454DE5429768F44EC /* Pods-wulewaTests.release.xcconfig */,
				0BF7F75FDC86C26B392EA081 /* Pods-wulewaUITests.debug.xcconfig */,
				51707D62358A2D5D858E3F54 /* Pods-wulewaUITests.release.xcconfig */,
			);
			name = Pods;
			sourceTree = "<group>";
		};
		24A4BDC8F2EC844BC72FE490 /* Frameworks */ = {
			isa = PBXGroup;
			children = (
				B10E8CCD891D3ADB08FD5460 /* Pods_wulewa.framework */,
				B770222F49C24A0CF80F381E /* Pods_wulewaTests.framework */,
				5EF94BADF67E20B71B39D3BE /* Pods_wulewaUITests.framework */,
			);
			name = Frameworks;
			sourceTree = "<group>";
		};
		4F1A6DBA1F8F197A00A0BCE9 = {
			isa = PBXGroup;
			children = (
				4F1A6DC51F8F197A00A0BCE9 /* wulewa */,
				4F1A6DDA1F8F197B00A0BCE9 /* wulewaTests */,
				4F1A6DE51F8F197B00A0BCE9 /* wulewaUITests */,
				4F1A6DC41F8F197A00A0BCE9 /* Products */,
				12D0380FDFCAE8F263965AB6 /* Pods */,
				24A4BDC8F2EC844BC72FE490 /* Frameworks */,
			);
			sourceTree = "<group>";
		};
		4F1A6DC41F8F197A00A0BCE9 /* Products */ = {
			isa = PBXGroup;
			children = (
				4F1A6DC31F8F197A00A0BCE9 /* wulewa.app */,
				4F1A6DD71F8F197B00A0BCE9 /* wulewaTests.xctest */,
				4F1A6DE21F8F197B00A0BCE9 /* wulewaUITests.xctest */,
			);
			name = Products;
			sourceTree = "<group>";
		};
		4F1A6DC51F8F197A00A0BCE9 /* wulewa */ = {
			isa = PBXGroup;
			children = (
				4FA8646E1FA97A83002D194B /* DemoConfig */,
				4F3C5B671FA08E5E00551FC6 /* Layout */,
				4F1A6DC61F8F197B00A0BCE9 /* AppDelegate.swift */,
				4F1A6DC81F8F197B00A0BCE9 /* ViewController.swift */,
				4F1A6DCA1F8F197B00A0BCE9 /* Main.storyboard */,
				4F1A6DCD1F8F197B00A0BCE9 /* Assets.xcassets */,
				4F1A6DCF1F8F197B00A0BCE9 /* LaunchScreen.storyboard */,
				4F1A6DD21F8F197B00A0BCE9 /* Info.plist */,
				4F1A6DF41F8F1A1E00A0BCE9 /* RootViewController.swift */,
				4F1A6DF61F8F1A4800A0BCE9 /* NavigationController.swift */,
				4F82BF101F8F5DC900C23B37 /* SQCollectionViewWaterfallLayout.swift */,
				4F2085B91F96E663003CAFE8 /* SQCollectionViewHeader.swift */,
				4F2085BB1F96E67C003CAFE8 /* SQCollectionViewFooter.swift */,
				4F2085BD1F96F657003CAFE8 /* SQCollectionViewCell.swift */,
				4F9BB0A51FA754E60038093B /* SQLayoutViewController的副本.swift */,
				4FC8E2771FA6C59100C96E18 /* SQLayoutViewController.swift */,
				4F9BB0A01FA74C710038093B /* SQDemoViewController.swift */,
			);
			path = wulewa;
			sourceTree = "<group>";
		};
		4F1A6DDA1F8F197B00A0BCE9 /* wulewaTests */ = {
			isa = PBXGroup;
			children = (
				4F1A6DDB1F8F197B00A0BCE9 /* wulewaTests.swift */,
				4F1A6DDD1F8F197B00A0BCE9 /* Info.plist */,
			);
			path = wulewaTests;
			sourceTree = "<group>";
		};
		4F1A6DE51F8F197B00A0BCE9 /* wulewaUITests */ = {
			isa = PBXGroup;
			children = (
				4F1A6DE61F8F197B00A0BCE9 /* wulewaUITests.swift */,
				4F1A6DE81F8F197B00A0BCE9 /* Info.plist */,
			);
			path = wulewaUITests;
			sourceTree = "<group>";
		};
		4F3C5B671FA08E5E00551FC6 /* Layout */ = {
			isa = PBXGroup;
			children = (
				4FC8E2791FA6CFFE00C96E18 /* Utils */,
				4F3C5B681FA08EE400551FC6 /* Base */,
				4F3C5B6B1FA08EE500551FC6 /* View */,
				4F3C5B6A1FA08EE400551FC6 /* ViewGroup */,
				4F781D241FA183200040D585 /* FrameLayout */,
				4F781D231FA1831F0040D585 /* LinearLayout */,
				4F3C5B691FA08EE400551FC6 /* Widget */,
				4F3C5B781FA0BAE300551FC6 /* SQViewManager.swift */,
			);
			path = Layout;
			sourceTree = "<group>";
		};
		4F3C5B681FA08EE400551FC6 /* Base */ = {
			isa = PBXGroup;
			children = (
				4F3C5B6E1FA08F2F00551FC6 /* SQViewBase.swift */,
				4F3C5B701FA08F4100551FC6 /* SQViewModelBase.swift */,
				4F3C5B721FA08F5A00551FC6 /* SQViewConfigBase.swift */,
			);
			path = Base;
			sourceTree = "<group>";
		};
		4F3C5B691FA08EE400551FC6 /* Widget */ = {
			isa = PBXGroup;
			children = (
			);
			path = Widget;
			sourceTree = "<group>";
		};
		4F3C5B6A1FA08EE400551FC6 /* ViewGroup */ = {
			isa = PBXGroup;
			children = (
				4F3C5B741FA0B3E100551FC6 /* SQGroupViewModel.swift */,
				4F3C5B761FA0B48D00551FC6 /* SQGroupViewConfig.swift */,
				4F781D271FA188AC0040D585 /* SQGroupView.swift */,
			);
			path = ViewGroup;
			sourceTree = "<group>";
		};
		4F3C5B6B1FA08EE500551FC6 /* View */ = {
			isa = PBXGroup;
			children = (
			);
			path = View;
			sourceTree = "<group>";
		};
		4F781D231FA1831F0040D585 /* LinearLayout */ = {
			isa = PBXGroup;
			children = (
				4F781D251FA1886F0040D585 /* SQLinearLayoutViewModel.swift */,
				4F781D291FA188D40040D585 /* SQLinearLayoutView.swift */,
				4F781D2B1FA189130040D585 /* SQLinearLayoutViewConfig.swift */,
			);
			path = LinearLayout;
			sourceTree = "<group>";
		};
		4F781D241FA183200040D585 /* FrameLayout */ = {
			isa = PBXGroup;
			children = (
				4FA864861FA9EE54002D194B /* SQFrameLayoutViewModel.swift */,
				4FA864881FA9EEBB002D194B /* SQFrameLayoutViewConfig.swift */,
				4FA8648A1FA9EEDC002D194B /* SQFrameLayoutView.swift */,
			);
			path = FrameLayout;
			sourceTree = "<group>";
		};
		4FA8646E1FA97A83002D194B /* DemoConfig */ = {
			isa = PBXGroup;
			children = (
				4FB0C0EE1FAAB2C100053C48 /* frame_layout.json */,
				4FA864841FA9EB26002D194B /* linear_layout_align_right_bottom_override_vertical.json */,
				4FA864821FA9EA6E002D194B /* linear_layout_align_right_bottom_override.json */,
				4FA8647C1FA9E922002D194B /* linear_layout_align_center_bottom.json */,
				4FA8647E1FA9E922002D194B /* linear_layout_align_center_center.json */,
				4FA8647D1FA9E922002D194B /* linear_layout_align_right_bottom.json */,
				4FA8647A1FA9E449002D194B /* linear_layout_align_right_top.json */,
				4FA864781FA9DE4F002D194B /* linear_layout_weight_split_vertical.json */,
				4FA864761FA9D221002D194B /* linear_layout_weight_split.json */,
				4FA864741FA99488002D194B /* linear_layout_mix.json */,
				4FA8646F1FA97A83002D194B /* linear_layout_horizontal.json */,
				4FA864701FA97A83002D194B /* linear_layout_horizontal1.json */,
			);
			name = DemoConfig;
			path = Layout/DemoConfig;
			sourceTree = "<group>";
		};
		4FC8E2791FA6CFFE00C96E18 /* Utils */ = {
			isa = PBXGroup;
			children = (
				4FC8E27A1FA6D01B00C96E18 /* SQUtils.swift */,
			);
			path = Utils;
			sourceTree = "<group>";
		};
/* End PBXGroup section */

/* Begin PBXNativeTarget section */
		4F1A6DC21F8F197A00A0BCE9 /* wulewa */ = {
			isa = PBXNativeTarget;
			buildConfigurationList = 4F1A6DEB1F8F197B00A0BCE9 /* Build configuration list for PBXNativeTarget "wulewa" */;
			buildPhases = (
				1D5227DEDF89DA7A47C4BD38 /* [CP] Check Pods Manifest.lock */,
				4F1A6DBF1F8F197A00A0BCE9 /* Sources */,
				4F1A6DC01F8F197A00A0BCE9 /* Frameworks */,
				4F1A6DC11F8F197A00A0BCE9 /* Resources */,
				4C0C92459017DED1D8091E1A /* [CP] Embed Pods Frameworks */,
				1A73126843BF47CAF6BA7224 /* [CP] Copy Pods Resources */,
			);
			buildRules = (
			);
			dependencies = (
			);
			name = wulewa;
			productName = wulewa;
			productReference = 4F1A6DC31F8F197A00A0BCE9 /* wulewa.app */;
			productType = "com.apple.product-type.application";
		};
		4F1A6DD61F8F197B00A0BCE9 /* wulewaTests */ = {
			isa = PBXNativeTarget;
			buildConfigurationList = 4F1A6DEE1F8F197B00A0BCE9 /* Build configuration list for PBXNativeTarget "wulewaTests" */;
			buildPhases = (
				B073BF55E1DD888AD9490644 /* [CP] Check Pods Manifest.lock */,
				4F1A6DD31F8F197B00A0BCE9 /* Sources */,
				4F1A6DD41F8F197B00A0BCE9 /* Frameworks */,
				4F1A6DD51F8F197B00A0BCE9 /* Resources */,
				8A05299909DDA0FB4177EEDF /* [CP] Embed Pods Frameworks */,
				90175D39BAFA30BAEE94F215 /* [CP] Copy Pods Resources */,
			);
			buildRules = (
			);
			dependencies = (
				4F1A6DD91F8F197B00A0BCE9 /* PBXTargetDependency */,
			);
			name = wulewaTests;
			productName = wulewaTests;
			productReference = 4F1A6DD71F8F197B00A0BCE9 /* wulewaTests.xctest */;
			productType = "com.apple.product-type.bundle.unit-test";
		};
		4F1A6DE11F8F197B00A0BCE9 /* wulewaUITests */ = {
			isa = PBXNativeTarget;
			buildConfigurationList = 4F1A6DF11F8F197B00A0BCE9 /* Build configuration list for PBXNativeTarget "wulewaUITests" */;
			buildPhases = (
				34D99CAC114064F2DCB5EC5A /* [CP] Check Pods Manifest.lock */,
				4F1A6DDE1F8F197B00A0BCE9 /* Sources */,
				4F1A6DDF1F8F197B00A0BCE9 /* Frameworks */,
				4F1A6DE01F8F197B00A0BCE9 /* Resources */,
				5BC9F63B83C415C93B6B54AB /* [CP] Copy Pods Resources */,
			);
			buildRules = (
			);
			dependencies = (
				4F1A6DE41F8F197B00A0BCE9 /* PBXTargetDependency */,
			);
			name = wulewaUITests;
			productName = wulewaUITests;
			productReference = 4F1A6DE21F8F197B00A0BCE9 /* wulewaUITests.xctest */;
			productType = "com.apple.product-type.bundle.ui-testing";
		};
/* End PBXNativeTarget section */

/* Begin PBXProject section */
		4F1A6DBB1F8F197A00A0BCE9 /* Project object */ = {
			isa = PBXProject;
			attributes = {
				LastSwiftUpdateCheck = 0900;
				LastUpgradeCheck = 0900;
				ORGANIZATIONNAME = sugercode;
				TargetAttributes = {
					4F1A6DC21F8F197A00A0BCE9 = {
						CreatedOnToolsVersion = 9.0;
						ProvisioningStyle = Automatic;
					};
					4F1A6DD61F8F197B00A0BCE9 = {
						CreatedOnToolsVersion = 9.0;
						ProvisioningStyle = Automatic;
						TestTargetID = 4F1A6DC21F8F197A00A0BCE9;
					};
					4F1A6DE11F8F197B00A0BCE9 = {
						CreatedOnToolsVersion = 9.0;
						ProvisioningStyle = Automatic;
						TestTargetID = 4F1A6DC21F8F197A00A0BCE9;
					};
				};
			};
			buildConfigurationList = 4F1A6DBE1F8F197A00A0BCE9 /* Build configuration list for PBXProject "wulewa" */;
			compatibilityVersion = "Xcode 8.0";
			developmentRegion = en;
			hasScannedForEncodings = 0;
			knownRegions = (
				en,
				Base,
			);
			mainGroup = 4F1A6DBA1F8F197A00A0BCE9;
			productRefGroup = 4F1A6DC41F8F197A00A0BCE9 /* Products */;
			projectDirPath = "";
			projectRoot = "";
			targets = (
				4F1A6DC21F8F197A00A0BCE9 /* wulewa */,
				4F1A6DD61F8F197B00A0BCE9 /* wulewaTests */,
				4F1A6DE11F8F197B00A0BCE9 /* wulewaUITests */,
			);
		};
/* End PBXProject section */

/* Begin PBXResourcesBuildPhase section */
		4F1A6DC11F8F197A00A0BCE9 /* Resources */ = {
			isa = PBXResourcesBuildPhase;
			buildActionMask = 2147483647;
			files = (
				4FB0C0EF1FAAB2D000053C48 /* frame_layout.json in Resources */,
				4FA864851FA9EB2E002D194B /* linear_layout_align_right_bottom_override_vertical.json in Resources */,
				4FA864831FA9EA76002D194B /* linear_layout_align_right_bottom_override.json in Resources */,
				4FA8647F1FA9E927002D194B /* linear_layout_align_center_bottom.json in Resources */,
				4FA864801FA9E927002D194B /* linear_layout_align_center_center.json in Resources */,
				4FA864811FA9E927002D194B /* linear_layout_align_right_bottom.json in Resources */,
				4FA8647B1FA9E451002D194B /* linear_layout_align_right_top.json in Resources */,
				4FA864791FA9DE56002D194B /* linear_layout_weight_split_vertical.json in Resources */,
				4FA864771FA9D228002D194B /* linear_layout_weight_split.json in Resources */,
				4FA864751FA99491002D194B /* linear_layout_mix.json in Resources */,
				4FA864721FA98702002D194B /* linear_layout_horizontal.json in Resources */,
				4FA864731FA98702002D194B /* linear_layout_horizontal1.json in Resources */,
				4F1A6DD11F8F197B00A0BCE9 /* LaunchScreen.storyboard in Resources */,
				4F1A6DCE1F8F197B00A0BCE9 /* Assets.xcassets in Resources */,
				4F1A6DCC1F8F197B00A0BCE9 /* Main.storyboard in Resources */,
			);
			runOnlyForDeploymentPostprocessing = 0;
		};
		4F1A6DD51F8F197B00A0BCE9 /* Resources */ = {
			isa = PBXResourcesBuildPhase;
			buildActionMask = 2147483647;
			files = (
			);
			runOnlyForDeploymentPostprocessing = 0;
		};
		4F1A6DE01F8F197B00A0BCE9 /* Resources */ = {
			isa = PBXResourcesBuildPhase;
			buildActionMask = 2147483647;
			files = (
			);
			runOnlyForDeploymentPostprocessing = 0;
		};
/* End PBXResourcesBuildPhase section */

/* Begin PBXShellScriptBuildPhase section */
		1A73126843BF47CAF6BA7224 /* [CP] Copy Pods Resources */ = {
			isa = PBXShellScriptBuildPhase;
			buildActionMask = 2147483647;
			files = (
			);
			inputPaths = (
			);
			name = "[CP] Copy Pods Resources";
			outputPaths = (
			);
			runOnlyForDeploymentPostprocessing = 0;
			shellPath = /bin/sh;
			shellScript = "\"${SRCROOT}/Pods/Target Support Files/Pods-wulewa/Pods-wulewa-resources.sh\"\n";
			showEnvVarsInLog = 0;
		};
		1D5227DEDF89DA7A47C4BD38 /* [CP] Check Pods Manifest.lock */ = {
			isa = PBXShellScriptBuildPhase;
			buildActionMask = 2147483647;
			files = (
			);
			inputPaths = (
			);
			name = "[CP] Check Pods Manifest.lock";
			outputPaths = (
			);
			runOnlyForDeploymentPostprocessing = 0;
			shellPath = /bin/sh;
			shellScript = "diff \"${PODS_ROOT}/../Podfile.lock\" \"${PODS_ROOT}/Manifest.lock\" > /dev/null\nif [[ $? != 0 ]] ; then\n    cat << EOM\nerror: The sandbox is not in sync with the Podfile.lock. Run 'pod install' or update your CocoaPods installation.\nEOM\n    exit 1\nfi\n";
			showEnvVarsInLog = 0;
		};
		34D99CAC114064F2DCB5EC5A /* [CP] Check Pods Manifest.lock */ = {
			isa = PBXShellScriptBuildPhase;
			buildActionMask = 2147483647;
			files = (
			);
			inputPaths = (
			);
			name = "[CP] Check Pods Manifest.lock";
			outputPaths = (
			);
			runOnlyForDeploymentPostprocessing = 0;
			shellPath = /bin/sh;
			shellScript = "diff \"${PODS_ROOT}/../Podfile.lock\" \"${PODS_ROOT}/Manifest.lock\" > /dev/null\nif [[ $? != 0 ]] ; then\n    cat << EOM\nerror: The sandbox is not in sync with the Podfile.lock. Run 'pod install' or update your CocoaPods installation.\nEOM\n    exit 1\nfi\n";
			showEnvVarsInLog = 0;
		};
		4C0C92459017DED1D8091E1A /* [CP] Embed Pods Frameworks */ = {
			isa = PBXShellScriptBuildPhase;
			buildActionMask = 2147483647;
			files = (
			);
			inputPaths = (
			);
			name = "[CP] Embed Pods Frameworks";
			outputPaths = (
			);
			runOnlyForDeploymentPostprocessing = 0;
			shellPath = /bin/sh;
			shellScript = "\"${SRCROOT}/Pods/Target Support Files/Pods-wulewa/Pods-wulewa-frameworks.sh\"\n";
			showEnvVarsInLog = 0;
		};
		5BC9F63B83C415C93B6B54AB /* [CP] Copy Pods Resources */ = {
			isa = PBXShellScriptBuildPhase;
			buildActionMask = 2147483647;
			files = (
			);
			inputPaths = (
			);
			name = "[CP] Copy Pods Resources";
			outputPaths = (
			);
			runOnlyForDeploymentPostprocessing = 0;
			shellPath = /bin/sh;
			shellScript = "\"${SRCROOT}/Pods/Target Support Files/Pods-wulewaUITests/Pods-wulewaUITests-resources.sh\"\n";
			showEnvVarsInLog = 0;
		};
		8A05299909DDA0FB4177EEDF /* [CP] Embed Pods Frameworks */ = {
			isa = PBXShellScriptBuildPhase;
			buildActionMask = 2147483647;
			files = (
			);
			inputPaths = (
			);
			name = "[CP] Embed Pods Frameworks";
			outputPaths = (
			);
			runOnlyForDeploymentPostprocessing = 0;
			shellPath = /bin/sh;
			shellScript = "\"${SRCROOT}/Pods/Target Support Files/Pods-wulewaTests/Pods-wulewaTests-frameworks.sh\"\n";
			showEnvVarsInLog = 0;
		};
		90175D39BAFA30BAEE94F215 /* [CP] Copy Pods Resources */ = {
			isa = PBXShellScriptBuildPhase;
			buildActionMask = 2147483647;
			files = (
			);
			inputPaths = (
			);
			name = "[CP] Copy Pods Resources";
			outputPaths = (
			);
			runOnlyForDeploymentPostprocessing = 0;
			shellPath = /bin/sh;
			shellScript = "\"${SRCROOT}/Pods/Target Support Files/Pods-wulewaTests/Pods-wulewaTests-resources.sh\"\n";
			showEnvVarsInLog = 0;
		};
		B073BF55E1DD888AD9490644 /* [CP] Check Pods Manifest.lock */ = {
			isa = PBXShellScriptBuildPhase;
			buildActionMask = 2147483647;
			files = (
			);
			inputPaths = (
			);
			name = "[CP] Check Pods Manifest.lock";
			outputPaths = (
			);
			runOnlyForDeploymentPostprocessing = 0;
			shellPath = /bin/sh;
			shellScript = "diff \"${PODS_ROOT}/../Podfile.lock\" \"${PODS_ROOT}/Manifest.lock\" > /dev/null\nif [[ $? != 0 ]] ; then\n    cat << EOM\nerror: The sandbox is not in sync with the Podfile.lock. Run 'pod install' or update your CocoaPods installation.\nEOM\n    exit 1\nfi\n";
			showEnvVarsInLog = 0;
		};
/* End PBXShellScriptBuildPhase section */

/* Begin PBXSourcesBuildPhase section */
		4F1A6DBF1F8F197A00A0BCE9 /* Sources */ = {
			isa = PBXSourcesBuildPhase;
			buildActionMask = 2147483647;
			files = (
				4F2085BE1F96F657003CAFE8 /* SQCollectionViewCell.swift in Sources */,
				4FC8E2781FA6C59100C96E18 /* SQLayoutViewController.swift in Sources */,
				4F1A6DC91F8F197B00A0BCE9 /* ViewController.swift in Sources */,
				4F3C5B751FA0B3E100551FC6 /* SQGroupViewModel.swift in Sources */,
				4F3C5B6F1FA08F2F00551FC6 /* SQViewBase.swift in Sources */,
				4FC8E27B1FA6D01B00C96E18 /* SQUtils.swift in Sources */,
				4FA864891FA9EEBB002D194B /* SQFrameLayoutViewConfig.swift in Sources */,
				4F82BF111F8F5DC900C23B37 /* SQCollectionViewWaterfallLayout.swift in Sources */,
				4F3C5B731FA08F5A00551FC6 /* SQViewConfigBase.swift in Sources */,
				4F1A6DF71F8F1A4800A0BCE9 /* NavigationController.swift in Sources */,
				4F781D261FA1886F0040D585 /* SQLinearLayoutViewModel.swift in Sources */,
				4F781D281FA188AC0040D585 /* SQGroupView.swift in Sources */,
				4F781D2C1FA189130040D585 /* SQLinearLayoutViewConfig.swift in Sources */,
				4F1A6DC71F8F197B00A0BCE9 /* AppDelegate.swift in Sources */,
				4FA864871FA9EE54002D194B /* SQFrameLayoutViewModel.swift in Sources */,
				4F3C5B791FA0BAE300551FC6 /* SQViewManager.swift in Sources */,
				4F9BB0A61FA754E60038093B /* SQLayoutViewController的副本.swift in Sources */,
				4F3C5B771FA0B48D00551FC6 /* SQGroupViewConfig.swift in Sources */,
				4FA8648B1FA9EEDC002D194B /* SQFrameLayoutView.swift in Sources */,
				4F1A6DF51F8F1A1E00A0BCE9 /* RootViewController.swift in Sources */,
				4F781D2A1FA188D40040D585 /* SQLinearLayoutView.swift in Sources */,
				4F3C5B711FA08F4100551FC6 /* SQViewModelBase.swift in Sources */,
				4F2085BA1F96E663003CAFE8 /* SQCollectionViewHeader.swift in Sources */,
				4F2085BC1F96E67C003CAFE8 /* SQCollectionViewFooter.swift in Sources */,
				4F9BB0A11FA74C710038093B /* SQDemoViewController.swift in Sources */,
			);
			runOnlyForDeploymentPostprocessing = 0;
		};
		4F1A6DD31F8F197B00A0BCE9 /* Sources */ = {
			isa = PBXSourcesBuildPhase;
			buildActionMask = 2147483647;
			files = (
				4F1A6DDC1F8F197B00A0BCE9 /* wulewaTests.swift in Sources */,
			);
			runOnlyForDeploymentPostprocessing = 0;
		};
		4F1A6DDE1F8F197B00A0BCE9 /* Sources */ = {
			isa = PBXSourcesBuildPhase;
			buildActionMask = 2147483647;
			files = (
				4F1A6DE71F8F197B00A0BCE9 /* wulewaUITests.swift in Sources */,
			);
			runOnlyForDeploymentPostprocessing = 0;
		};
/* End PBXSourcesBuildPhase section */

/* Begin PBXTargetDependency section */
		4F1A6DD91F8F197B00A0BCE9 /* PBXTargetDependency */ = {
			isa = PBXTargetDependency;
			target = 4F1A6DC21F8F197A00A0BCE9 /* wulewa */;
			targetProxy = 4F1A6DD81F8F197B00A0BCE9 /* PBXContainerItemProxy */;
		};
		4F1A6DE41F8F197B00A0BCE9 /* PBXTargetDependency */ = {
			isa = PBXTargetDependency;
			target = 4F1A6DC21F8F197A00A0BCE9 /* wulewa */;
			targetProxy = 4F1A6DE31F8F197B00A0BCE9 /* PBXContainerItemProxy */;
		};
/* End PBXTargetDependency section */

/* Begin PBXVariantGroup section */
		4F1A6DCA1F8F197B00A0BCE9 /* Main.storyboard */ = {
			isa = PBXVariantGroup;
			children = (
				4F1A6DCB1F8F197B00A0BCE9 /* Base */,
			);
			name = Main.storyboard;
			sourceTree = "<group>";
		};
		4F1A6DCF1F8F197B00A0BCE9 /* LaunchScreen.storyboard */ = {
			isa = PBXVariantGroup;
			children = (
				4F1A6DD01F8F197B00A0BCE9 /* Base */,
			);
			name = LaunchScreen.storyboard;
			sourceTree = "<group>";
		};
/* End PBXVariantGroup section */

/* Begin XCBuildConfiguration section */
		4F1A6DE91F8F197B00A0BCE9 /* Debug */ = {
			isa = XCBuildConfiguration;
			buildSettings = {
				ALWAYS_SEARCH_USER_PATHS = NO;
				CLANG_ANALYZER_NONNULL = YES;
				CLANG_ANALYZER_NUMBER_OBJECT_CONVERSION = YES_AGGRESSIVE;
				CLANG_CXX_LANGUAGE_STANDARD = "gnu++14";
				CLANG_CXX_LIBRARY = "libc++";
				CLANG_ENABLE_MODULES = YES;
				CLANG_ENABLE_OBJC_ARC = YES;
				CLANG_WARN_BLOCK_CAPTURE_AUTORELEASING = YES;
				CLANG_WARN_BOOL_CONVERSION = YES;
				CLANG_WARN_COMMA = YES;
				CLANG_WARN_CONSTANT_CONVERSION = YES;
				CLANG_WARN_DIRECT_OBJC_ISA_USAGE = YES_ERROR;
				CLANG_WARN_DOCUMENTATION_COMMENTS = YES;
				CLANG_WARN_EMPTY_BODY = YES;
				CLANG_WARN_ENUM_CONVERSION = YES;
				CLANG_WARN_INFINITE_RECURSION = YES;
				CLANG_WARN_INT_CONVERSION = YES;
				CLANG_WARN_NON_LITERAL_NULL_CONVERSION = YES;
				CLANG_WARN_OBJC_LITERAL_CONVERSION = YES;
				CLANG_WARN_OBJC_ROOT_CLASS = YES_ERROR;
				CLANG_WARN_RANGE_LOOP_ANALYSIS = YES;
				CLANG_WARN_STRICT_PROTOTYPES = YES;
				CLANG_WARN_SUSPICIOUS_MOVE = YES;
				CLANG_WARN_UNGUARDED_AVAILABILITY = YES_AGGRESSIVE;
				CLANG_WARN_UNREACHABLE_CODE = YES;
				CLANG_WARN__DUPLICATE_METHOD_MATCH = YES;
				CODE_SIGN_IDENTITY = "iPhone Developer";
				COPY_PHASE_STRIP = NO;
				DEBUG_INFORMATION_FORMAT = dwarf;
				ENABLE_STRICT_OBJC_MSGSEND = YES;
				ENABLE_TESTABILITY = YES;
				GCC_C_LANGUAGE_STANDARD = gnu11;
				GCC_DYNAMIC_NO_PIC = NO;
				GCC_NO_COMMON_BLOCKS = YES;
				GCC_OPTIMIZATION_LEVEL = 0;
				GCC_PREPROCESSOR_DEFINITIONS = (
					"DEBUG=1",
					"$(inherited)",
				);
				GCC_WARN_64_TO_32_BIT_CONVERSION = YES;
				GCC_WARN_ABOUT_RETURN_TYPE = YES_ERROR;
				GCC_WARN_UNDECLARED_SELECTOR = YES;
				GCC_WARN_UNINITIALIZED_AUTOS = YES_AGGRESSIVE;
				GCC_WARN_UNUSED_FUNCTION = YES;
				GCC_WARN_UNUSED_VARIABLE = YES;
				IPHONEOS_DEPLOYMENT_TARGET = 11.0;
				MTL_ENABLE_DEBUG_INFO = YES;
				ONLY_ACTIVE_ARCH = YES;
				SDKROOT = iphoneos;
				SWIFT_ACTIVE_COMPILATION_CONDITIONS = DEBUG;
				SWIFT_OPTIMIZATION_LEVEL = "-Onone";
			};
			name = Debug;
		};
		4F1A6DEA1F8F197B00A0BCE9 /* Release */ = {
			isa = XCBuildConfiguration;
			buildSettings = {
				ALWAYS_SEARCH_USER_PATHS = NO;
				CLANG_ANALYZER_NONNULL = YES;
				CLANG_ANALYZER_NUMBER_OBJECT_CONVERSION = YES_AGGRESSIVE;
				CLANG_CXX_LANGUAGE_STANDARD = "gnu++14";
				CLANG_CXX_LIBRARY = "libc++";
				CLANG_ENABLE_MODULES = YES;
				CLANG_ENABLE_OBJC_ARC = YES;
				CLANG_WARN_BLOCK_CAPTURE_AUTORELEASING = YES;
				CLANG_WARN_BOOL_CONVERSION = YES;
				CLANG_WARN_COMMA = YES;
				CLANG_WARN_CONSTANT_CONVERSION = YES;
				CLANG_WARN_DIRECT_OBJC_ISA_USAGE = YES_ERROR;
				CLANG_WARN_DOCUMENTATION_COMMENTS = YES;
				CLANG_WARN_EMPTY_BODY = YES;
				CLANG_WARN_ENUM_CONVERSION = YES;
				CLANG_WARN_INFINITE_RECURSION = YES;
				CLANG_WARN_INT_CONVERSION = YES;
				CLANG_WARN_NON_LITERAL_NULL_CONVERSION = YES;
				CLANG_WARN_OBJC_LITERAL_CONVERSION = YES;
				CLANG_WARN_OBJC_ROOT_CLASS = YES_ERROR;
				CLANG_WARN_RANGE_LOOP_ANALYSIS = YES;
				CLANG_WARN_STRICT_PROTOTYPES = YES;
				CLANG_WARN_SUSPICIOUS_MOVE = YES;
				CLANG_WARN_UNGUARDED_AVAILABILITY = YES_AGGRESSIVE;
				CLANG_WARN_UNREACHABLE_CODE = YES;
				CLANG_WARN__DUPLICATE_METHOD_MATCH = YES;
				CODE_SIGN_IDENTITY = "iPhone Developer";
				COPY_PHASE_STRIP = NO;
				DEBUG_INFORMATION_FORMAT = "dwarf-with-dsym";
				ENABLE_NS_ASSERTIONS = NO;
				ENABLE_STRICT_OBJC_MSGSEND = YES;
				GCC_C_LANGUAGE_STANDARD = gnu11;
				GCC_NO_COMMON_BLOCKS = YES;
				GCC_WARN_64_TO_32_BIT_CONVERSION = YES;
				GCC_WARN_ABOUT_RETURN_TYPE = YES_ERROR;
				GCC_WARN_UNDECLARED_SELECTOR = YES;
				GCC_WARN_UNINITIALIZED_AUTOS = YES_AGGRESSIVE;
				GCC_WARN_UNUSED_FUNCTION = YES;
				GCC_WARN_UNUSED_VARIABLE = YES;
				IPHONEOS_DEPLOYMENT_TARGET = 11.0;
				MTL_ENABLE_DEBUG_INFO = NO;
				SDKROOT = iphoneos;
				SWIFT_OPTIMIZATION_LEVEL = "-Owholemodule";
				VALIDATE_PRODUCT = YES;
			};
			name = Release;
		};
		4F1A6DEC1F8F197B00A0BCE9 /* Debug */ = {
			isa = XCBuildConfiguration;
			baseConfigurationReference = A2907E2BF56C4128C2D87E8B /* Pods-wulewa.debug.xcconfig */;
			buildSettings = {
				ASSETCATALOG_COMPILER_APPICON_NAME = AppIcon;
				CLANG_CXX_LIBRARY = "libc++";
				CODE_SIGN_STYLE = Automatic;
				DEVELOPMENT_TEAM = 352UHFPXU6;
				INFOPLIST_FILE = wulewa/Info.plist;
				LD_RUNPATH_SEARCH_PATHS = "$(inherited) @executable_path/Frameworks";
				PRODUCT_BUNDLE_IDENTIFIER = com.sugercode.wulewa;
				PRODUCT_NAME = "$(TARGET_NAME)";
				SWIFT_VERSION = 4.0;
				TARGETED_DEVICE_FAMILY = "1,2";
			};
			name = Debug;
		};
		4F1A6DED1F8F197B00A0BCE9 /* Release */ = {
			isa = XCBuildConfiguration;
			baseConfigurationReference = 9BE0ACDA611A1B86FDC5A7C3 /* Pods-wulewa.release.xcconfig */;
			buildSettings = {
				ASSETCATALOG_COMPILER_APPICON_NAME = AppIcon;
				CLANG_CXX_LIBRARY = "libc++";
				CODE_SIGN_STYLE = Automatic;
				DEVELOPMENT_TEAM = 352UHFPXU6;
				INFOPLIST_FILE = wulewa/Info.plist;
				LD_RUNPATH_SEARCH_PATHS = "$(inherited) @executable_path/Frameworks";
				PRODUCT_BUNDLE_IDENTIFIER = com.sugercode.wulewa;
				PRODUCT_NAME = "$(TARGET_NAME)";
				SWIFT_VERSION = 4.0;
				TARGETED_DEVICE_FAMILY = "1,2";
			};
			name = Release;
		};
		4F1A6DEF1F8F197B00A0BCE9 /* Debug */ = {
			isa = XCBuildConfiguration;
			baseConfigurationReference = ECBA4C8ECB810C72F1674B8E /* Pods-wulewaTests.debug.xcconfig */;
			buildSettings = {
				ALWAYS_EMBED_SWIFT_STANDARD_LIBRARIES = YES;
				BUNDLE_LOADER = "$(TEST_HOST)";
				CODE_SIGN_STYLE = Automatic;
				DEVELOPMENT_TEAM = 352UHFPXU6;
				INFOPLIST_FILE = wulewaTests/Info.plist;
				LD_RUNPATH_SEARCH_PATHS = "$(inherited) @executable_path/Frameworks @loader_path/Frameworks";
				PRODUCT_BUNDLE_IDENTIFIER = com.sugercode.wulewaTests;
				PRODUCT_NAME = "$(TARGET_NAME)";
				SWIFT_VERSION = 4.0;
				TARGETED_DEVICE_FAMILY = "1,2";
				TEST_HOST = "$(BUILT_PRODUCTS_DIR)/wulewa.app/wulewa";
			};
			name = Debug;
		};
		4F1A6DF01F8F197B00A0BCE9 /* Release */ = {
			isa = XCBuildConfiguration;
			baseConfigurationReference = 3AD091C454DE5429768F44EC /* Pods-wulewaTests.release.xcconfig */;
			buildSettings = {
				ALWAYS_EMBED_SWIFT_STANDARD_LIBRARIES = YES;
				BUNDLE_LOADER = "$(TEST_HOST)";
				CODE_SIGN_STYLE = Automatic;
				DEVELOPMENT_TEAM = 352UHFPXU6;
				INFOPLIST_FILE = wulewaTests/Info.plist;
				LD_RUNPATH_SEARCH_PATHS = "$(inherited) @executable_path/Frameworks @loader_path/Frameworks";
				PRODUCT_BUNDLE_IDENTIFIER = com.sugercode.wulewaTests;
				PRODUCT_NAME = "$(TARGET_NAME)";
				SWIFT_VERSION = 4.0;
				TARGETED_DEVICE_FAMILY = "1,2";
				TEST_HOST = "$(BUILT_PRODUCTS_DIR)/wulewa.app/wulewa";
			};
			name = Release;
		};
		4F1A6DF21F8F197B00A0BCE9 /* Debug */ = {
			isa = XCBuildConfiguration;
			baseConfigurationReference = 0BF7F75FDC86C26B392EA081 /* Pods-wulewaUITests.debug.xcconfig */;
			buildSettings = {
				ALWAYS_EMBED_SWIFT_STANDARD_LIBRARIES = YES;
				CODE_SIGN_STYLE = Automatic;
				DEVELOPMENT_TEAM = 352UHFPXU6;
				INFOPLIST_FILE = wulewaUITests/Info.plist;
				LD_RUNPATH_SEARCH_PATHS = "$(inherited) @executable_path/Frameworks @loader_path/Frameworks";
				PRODUCT_BUNDLE_IDENTIFIER = com.sugercode.wulewaUITests;
				PRODUCT_NAME = "$(TARGET_NAME)";
				SWIFT_VERSION = 4.0;
				TARGETED_DEVICE_FAMILY = "1,2";
				TEST_TARGET_NAME = wulewa;
			};
			name = Debug;
		};
		4F1A6DF31F8F197B00A0BCE9 /* Release */ = {
			isa = XCBuildConfiguration;
			baseConfigurationReference = 51707D62358A2D5D858E3F54 /* Pods-wulewaUITests.release.xcconfig */;
			buildSettings = {
				ALWAYS_EMBED_SWIFT_STANDARD_LIBRARIES = YES;
				CODE_SIGN_STYLE = Automatic;
				DEVELOPMENT_TEAM = 352UHFPXU6;
				INFOPLIST_FILE = wulewaUITests/Info.plist;
				LD_RUNPATH_SEARCH_PATHS = "$(inherited) @executable_path/Frameworks @loader_path/Frameworks";
				PRODUCT_BUNDLE_IDENTIFIER = com.sugercode.wulewaUITests;
				PRODUCT_NAME = "$(TARGET_NAME)";
				SWIFT_VERSION = 4.0;
				TARGETED_DEVICE_FAMILY = "1,2";
				TEST_TARGET_NAME = wulewa;
			};
			name = Release;
		};
/* End XCBuildConfiguration section */

/* Begin XCConfigurationList section */
		4F1A6DBE1F8F197A00A0BCE9 /* Build configuration list for PBXProject "wulewa" */ = {
			isa = XCConfigurationList;
			buildConfigurations = (
				4F1A6DE91F8F197B00A0BCE9 /* Debug */,
				4F1A6DEA1F8F197B00A0BCE9 /* Release */,
			);
			defaultConfigurationIsVisible = 0;
			defaultConfigurationName = Release;
		};
		4F1A6DEB1F8F197B00A0BCE9 /* Build configuration list for PBXNativeTarget "wulewa" */ = {
			isa = XCConfigurationList;
			buildConfigurations = (
				4F1A6DEC1F8F197B00A0BCE9 /* Debug */,
				4F1A6DED1F8F197B00A0BCE9 /* Release */,
			);
			defaultConfigurationIsVisible = 0;
			defaultConfigurationName = Release;
		};
		4F1A6DEE1F8F197B00A0BCE9 /* Build configuration list for PBXNativeTarget "wulewaTests" */ = {
			isa = XCConfigurationList;
			buildConfigurations = (
				4F1A6DEF1F8F197B00A0BCE9 /* Debug */,
				4F1A6DF01F8F197B00A0BCE9 /* Release */,
			);
			defaultConfigurationIsVisible = 0;
			defaultConfigurationName = Release;
		};
		4F1A6DF11F8F197B00A0BCE9 /* Build configuration list for PBXNativeTarget "wulewaUITests" */ = {
			isa = XCConfigurationList;
			buildConfigurations = (
				4F1A6DF21F8F197B00A0BCE9 /* Debug */,
				4F1A6DF31F8F197B00A0BCE9 /* Release */,
			);
			defaultConfigurationIsVisible = 0;
			defaultConfigurationName = Release;
		};
/* End XCConfigurationList section */
	};
	rootObject = 4F1A6DBB1F8F197A00A0BCE9 /* Project object */;
}
